
Microsoft Visual Studio Solution File, Format Version 12.00
# Visual Studio Version 16
VisualStudioVersion = 16.0.30523.141
MinimumVisualStudioVersion = 10.0.40219.1
Project("{FAE04EC0-301F-11D3-BF4B-00C04F79EFBC}") = "UseAccess", "UseAccess\UseAccess.csproj", "{418F4453-A5A1-4C25-8C5C-EE92CE195D8C}"
EndProject
Global
	GlobalSection(SolutionConfigurationPlatforms) = preSolution
		Debug|Any CPU = Debug|Any CPU
		Release|Any CPU = Release|Any CPU
	EndGlobalSection
	GlobalSection(ProjectConfigurationPlatforms) = postSolution
		{418F4453-A5A1-4C25-8C5C-EE92CE195D8C}.Debug|Any CPU.ActiveCfg = Debug|Any CPU
		{418F4453-A5A1-4C25-8C5C-EE92CE195D8C}.Debug|Any CPU.Build.0 = Debug|Any CPU
		{418F4453-A5A1-4C25-8C5C-EE92CE195D8C}.Release|Any CPU.ActiveCfg = Release|Any CPU
		{418F4453-A5A1-4C25-8C5C-EE92CE195D8C}.Release|Any CPU.Build.0 = Release|Any CPU
	EndGlobalSection
	GlobalSection(SolutionProperties) = preSolution
		HideSolutionNode = FALSE
	EndGlobalSection
	GlobalSection(ExtensibilityGlobals) = postSolution
		SolutionGuid = {05777318-EFDE-4CCB-BE10-C728ED32B584}
	EndGlobalSection
EndGlobal
