
Microsoft Visual Studio Solution File, Format Version 12.00
# Visual Studio Version 16
VisualStudioVersion = 16.0.30523.141
MinimumVisualStudioVersion = 10.0.40219.1
Project("{8BC9CEB8-8B4A-11D0-8D11-00A0C91BC942}") = "InfixCalculator", "InfixCalculator\InfixCalculator.vcxproj", "{B7A0B911-8BEB-4C7D-8E5A-0509A590841C}"
EndProject
Global
	GlobalSection(SolutionConfigurationPlatforms) = preSolution
		Debug|x64 = Debug|x64
		Debug|x86 = Debug|x86
		Release|x64 = Release|x64
		Release|x86 = Release|x86
	EndGlobalSection
	GlobalSection(ProjectConfigurationPlatforms) = postSolution
		{B7A0B911-8BEB-4C7D-8E5A-0509A590841C}.Debug|x64.ActiveCfg = Debug|x64
		{B7A0B911-8BEB-4C7D-8E5A-0509A590841C}.Debug|x64.Build.0 = Debug|x64
		{B7A0B911-8BEB-4C7D-8E5A-0509A590841C}.Debug|x86.ActiveCfg = Debug|Win32
		{B7A0B911-8BEB-4C7D-8E5A-0509A590841C}.Debug|x86.Build.0 = Debug|Win32
		{B7A0B911-8BEB-4C7D-8E5A-0509A590841C}.Release|x64.ActiveCfg = Release|x64
		{B7A0B911-8BEB-4C7D-8E5A-0509A590841C}.Release|x64.Build.0 = Release|x64
		{B7A0B911-8BEB-4C7D-8E5A-0509A590841C}.Release|x86.ActiveCfg = Release|Win32
		{B7A0B911-8BEB-4C7D-8E5A-0509A590841C}.Release|x86.Build.0 = Release|Win32
	EndGlobalSection
	GlobalSection(SolutionProperties) = preSolution
		HideSolutionNode = FALSE
	EndGlobalSection
	GlobalSection(ExtensibilityGlobals) = postSolution
		SolutionGuid = {1B1A5E1C-5E02-4993-BD55-547F34777DB4}
	EndGlobalSection
EndGlobal
